
Microsoft Visual Studio Solution File, Format Version 12.00
# Visual Studio Version 17
VisualStudioVersion = 17.8.34408.163
MinimumVisualStudioVersion = 10.0.40219.1
Project("{FAE04EC0-301F-11D3-BF4B-00C04F79EFBC}") = "StephToyRobot", "StephToyRobot\StephToyRobot.csproj", "{C8CE0C23-3895-451F-9F3C-673923CD86F1}"
EndProject
Project("{FAE04EC0-301F-11D3-BF4B-00C04F79EFBC}") = "StephToyRobotTest", "StephToyRobotTest\StephToyRobotTest.csproj", "{E00F1666-E29C-47A9-9C0C-A5629FF56055}"
EndProject
Global
	GlobalSection(SolutionConfigurationPlatforms) = preSolution
		Debug|Any CPU = Debug|Any CPU
		Release|Any CPU = Release|Any CPU
	EndGlobalSection
	GlobalSection(ProjectConfigurationPlatforms) = postSolution
		{C8CE0C23-3895-451F-9F3C-673923CD86F1}.Debug|Any CPU.ActiveCfg = Debug|Any CPU
		{C8CE0C23-3895-451F-9F3C-673923CD86F1}.Debug|Any CPU.Build.0 = Debug|Any CPU
		{C8CE0C23-3895-451F-9F3C-673923CD86F1}.Release|Any CPU.ActiveCfg = Release|Any CPU
		{C8CE0C23-3895-451F-9F3C-673923CD86F1}.Release|Any CPU.Build.0 = Release|Any CPU
		{E00F1666-E29C-47A9-9C0C-A5629FF56055}.Debug|Any CPU.ActiveCfg = Debug|Any CPU
		{E00F1666-E29C-47A9-9C0C-A5629FF56055}.Debug|Any CPU.Build.0 = Debug|Any CPU
		{E00F1666-E29C-47A9-9C0C-A5629FF56055}.Release|Any CPU.ActiveCfg = Release|Any CPU
		{E00F1666-E29C-47A9-9C0C-A5629FF56055}.Release|Any CPU.Build.0 = Release|Any CPU
	EndGlobalSection
	GlobalSection(SolutionProperties) = preSolution
		HideSolutionNode = FALSE
	EndGlobalSection
	GlobalSection(ExtensibilityGlobals) = postSolution
		SolutionGuid = {522DEBA6-6A18-403A-B466-0ABD7F1AE6D5}
	EndGlobalSection
EndGlobal
